{
  "requires": true,
  "lockfileVersion": 1,
  "dependencies": {
    "react-native-dropdown-picker": {
      "version": "5.4.3",
      "resolved": "https://registry.npmjs.org/react-native-dropdown-picker/-/react-native-dropdown-picker-5.4.3.tgz",
      "integrity": "sha512-cwZzFcpyx/Stw3lZH2bvXxcsgwkR8c3rRZtOnlvyuN5pAplzA/9AiAxYlnJuspP9VvyU1XMePKOpgcHce6iyhA=="
    }
  }
}
